
Microsoft Visual Studio Solution File, Format Version 12.00
# Visual Studio Version 17
VisualStudioVersion = 17.0.31903.59
MinimumVisualStudioVersion = 10.0.40219.1
Project("{2150E333-8FDC-42A3-9474-1A3956D46DE8}") = "src", "src", "{2C170508-2FCF-481B-9814-99C41A08488C}"
EndProject
Project("{FAE04EC0-301F-11D3-BF4B-00C04F79EFBC}") = "Shared", "src\Shared\Shared.csproj", "{A4890F89-4EF0-4943-84B2-DD83541A440B}"
EndProject
Project("{FAE04EC0-301F-11D3-BF4B-00C04F79EFBC}") = "Identity.Domain", "src\Identity.Domain\Identity.Domain.csproj", "{2DC5BA27-7B5E-4B66-92D4-80BE43931760}"
EndProject
Project("{FAE04EC0-301F-11D3-BF4B-00C04F79EFBC}") = "Identity.Application", "src\Identity.Application\Identity.Application.csproj", "{9C615B19-5760-47C6-BD8A-1787CACC9B44}"
EndProject
Project("{FAE04EC0-301F-11D3-BF4B-00C04F79EFBC}") = "Identity.Infrastructure", "src\Identity.Infrastructure\Identity.Infrastructure.csproj", "{4A39DDAE-6B22-45D9-9604-423D6F4B58E7}"
EndProject
Project("{FAE04EC0-301F-11D3-BF4B-00C04F79EFBC}") = "Identity.Api", "src\Identity.Api\Identity.Api.csproj", "{4512F3EE-8F2C-4D8E-A28E-6AA72C5FCA32}"
EndProject
Project("{FAE04EC0-301F-11D3-BF4B-00C04F79EFBC}") = "Content.Domain", "src\Content.Domain\Content.Domain.csproj", "{C6F34466-24E9-4E94-ABE3-21E4A43EF777}"
EndProject
Project("{FAE04EC0-301F-11D3-BF4B-00C04F79EFBC}") = "Content.Application", "src\Content.Application\Content.Application.csproj", "{EE25A280-8017-4344-B078-B777EB2C30D5}"
EndProject
Project("{FAE04EC0-301F-11D3-BF4B-00C04F79EFBC}") = "Content.Infrastructure", "src\Content.Infrastructure\Content.Infrastructure.csproj", "{ED8D9845-69DB-461C-82F4-91DCB5F52EE4}"
EndProject
Global
	GlobalSection(SolutionConfigurationPlatforms) = preSolution
		Debug|Any CPU = Debug|Any CPU
		Release|Any CPU = Release|Any CPU
	EndGlobalSection
	GlobalSection(ProjectConfigurationPlatforms) = postSolution
		{A4890F89-4EF0-4943-84B2-DD83541A440B}.Debug|Any CPU.ActiveCfg = Debug|Any CPU
		{A4890F89-4EF0-4943-84B2-DD83541A440B}.Debug|Any CPU.Build.0 = Debug|Any CPU
		{A4890F89-4EF0-4943-84B2-DD83541A440B}.Release|Any CPU.ActiveCfg = Release|Any CPU
		{A4890F89-4EF0-4943-84B2-DD83541A440B}.Release|Any CPU.Build.0 = Release|Any CPU
		{2DC5BA27-7B5E-4B66-92D4-80BE43931760}.Debug|Any CPU.ActiveCfg = Debug|Any CPU
		{2DC5BA27-7B5E-4B66-92D4-80BE43931760}.Debug|Any CPU.Build.0 = Debug|Any CPU
		{2DC5BA27-7B5E-4B66-92D4-80BE43931760}.Release|Any CPU.ActiveCfg = Release|Any CPU
		{2DC5BA27-7B5E-4B66-92D4-80BE43931760}.Release|Any CPU.Build.0 = Release|Any CPU
		{9C615B19-5760-47C6-BD8A-1787CACC9B44}.Debug|Any CPU.ActiveCfg = Debug|Any CPU
		{9C615B19-5760-47C6-BD8A-1787CACC9B44}.Debug|Any CPU.Build.0 = Debug|Any CPU
		{9C615B19-5760-47C6-BD8A-1787CACC9B44}.Release|Any CPU.ActiveCfg = Release|Any CPU
		{9C615B19-5760-47C6-BD8A-1787CACC9B44}.Release|Any CPU.Build.0 = Release|Any CPU
		{4A39DDAE-6B22-45D9-9604-423D6F4B58E7}.Debug|Any CPU.ActiveCfg = Debug|Any CPU
		{4A39DDAE-6B22-45D9-9604-423D6F4B58E7}.Debug|Any CPU.Build.0 = Debug|Any CPU
		{4A39DDAE-6B22-45D9-9604-423D6F4B58E7}.Release|Any CPU.ActiveCfg = Release|Any CPU
		{4A39DDAE-6B22-45D9-9604-423D6F4B58E7}.Release|Any CPU.Build.0 = Release|Any CPU
		{4512F3EE-8F2C-4D8E-A28E-6AA72C5FCA32}.Debug|Any CPU.ActiveCfg = Debug|Any CPU
		{4512F3EE-8F2C-4D8E-A28E-6AA72C5FCA32}.Debug|Any CPU.Build.0 = Debug|Any CPU
		{4512F3EE-8F2C-4D8E-A28E-6AA72C5FCA32}.Release|Any CPU.ActiveCfg = Release|Any CPU
		{4512F3EE-8F2C-4D8E-A28E-6AA72C5FCA32}.Release|Any CPU.Build.0 = Release|Any CPU
		{C6F34466-24E9-4E94-ABE3-21E4A43EF777}.Debug|Any CPU.ActiveCfg = Debug|Any CPU
		{C6F34466-24E9-4E94-ABE3-21E4A43EF777}.Debug|Any CPU.Build.0 = Debug|Any CPU
		{C6F34466-24E9-4E94-ABE3-21E4A43EF777}.Release|Any CPU.ActiveCfg = Release|Any CPU
		{C6F34466-24E9-4E94-ABE3-21E4A43EF777}.Release|Any CPU.Build.0 = Release|Any CPU
		{EE25A280-8017-4344-B078-B777EB2C30D5}.Debug|Any CPU.ActiveCfg = Debug|Any CPU
		{EE25A280-8017-4344-B078-B777EB2C30D5}.Debug|Any CPU.Build.0 = Debug|Any CPU
		{EE25A280-8017-4344-B078-B777EB2C30D5}.Release|Any CPU.ActiveCfg = Release|Any CPU
		{EE25A280-8017-4344-B078-B777EB2C30D5}.Release|Any CPU.Build.0 = Release|Any CPU
		{ED8D9845-69DB-461C-82F4-91DCB5F52EE4}.Debug|Any CPU.ActiveCfg = Debug|Any CPU
		{ED8D9845-69DB-461C-82F4-91DCB5F52EE4}.Debug|Any CPU.Build.0 = Debug|Any CPU
		{ED8D9845-69DB-461C-82F4-91DCB5F52EE4}.Release|Any CPU.ActiveCfg = Release|Any CPU
		{ED8D9845-69DB-461C-82F4-91DCB5F52EE4}.Release|Any CPU.Build.0 = Release|Any CPU
	EndGlobalSection
	GlobalSection(SolutionProperties) = preSolution
		HideSolutionNode = FALSE
	EndGlobalSection
	GlobalSection(NestedProjects) = preSolution
		{A4890F89-4EF0-4943-84B2-DD83541A440B} = {2C170508-2FCF-481B-9814-99C41A08488C}
		{2DC5BA27-7B5E-4B66-92D4-80BE43931760} = {2C170508-2FCF-481B-9814-99C41A08488C}
		{9C615B19-5760-47C6-BD8A-1787CACC9B44} = {2C170508-2FCF-481B-9814-99C41A08488C}
		{4A39DDAE-6B22-45D9-9604-423D6F4B58E7} = {2C170508-2FCF-481B-9814-99C41A08488C}
		{4512F3EE-8F2C-4D8E-A28E-6AA72C5FCA32} = {2C170508-2FCF-481B-9814-99C41A08488C}
		{C6F34466-24E9-4E94-ABE3-21E4A43EF777} = {2C170508-2FCF-481B-9814-99C41A08488C}
		{EE25A280-8017-4344-B078-B777EB2C30D5} = {2C170508-2FCF-481B-9814-99C41A08488C}
		{ED8D9845-69DB-461C-82F4-91DCB5F52EE4} = {2C170508-2FCF-481B-9814-99C41A08488C}
	EndGlobalSection
EndGlobal
